
Microsoft Visual Studio Solution File, Format Version 12.00
# Visual Studio Version 17
VisualStudioVersion = 17.2.32802.462
MinimumVisualStudioVersion = 10.0.40219.1
Project("{FAE04EC0-301F-11D3-BF4B-00C04F79EFBC}") = "22-09-24", "22-09-24\22-09-24.csproj", "{5A1A9CE1-CDAA-4589-94AA-009E42863102}"
EndProject
Global
	GlobalSection(SolutionConfigurationPlatforms) = preSolution
		Debug|Any CPU = Debug|Any CPU
		Release|Any CPU = Release|Any CPU
	EndGlobalSection
	GlobalSection(ProjectConfigurationPlatforms) = postSolution
		{5A1A9CE1-CDAA-4589-94AA-009E42863102}.Debug|Any CPU.ActiveCfg = Debug|Any CPU
		{5A1A9CE1-CDAA-4589-94AA-009E42863102}.Debug|Any CPU.Build.0 = Debug|Any CPU
		{5A1A9CE1-CDAA-4589-94AA-009E42863102}.Release|Any CPU.ActiveCfg = Release|Any CPU
		{5A1A9CE1-CDAA-4589-94AA-009E42863102}.Release|Any CPU.Build.0 = Release|Any CPU
	EndGlobalSection
	GlobalSection(SolutionProperties) = preSolution
		HideSolutionNode = FALSE
	EndGlobalSection
	GlobalSection(ExtensibilityGlobals) = postSolution
		SolutionGuid = {793C4CFD-AF82-44AA-9A41-58DE2A3A9040}
	EndGlobalSection
EndGlobal
